
Microsoft Visual Studio Solution File, Format Version 12.00
# Visual Studio Version 17
VisualStudioVersion = 17.11.35219.272
MinimumVisualStudioVersion = 10.0.40219.1
Project("{FAE04EC0-301F-11D3-BF4B-00C04F79EFBC}") = "001Inleiding", "001Inleiding.csproj", "{06A8336C-9D63-4C25-998D-A51D05D87C9A}"
EndProject
Global
	GlobalSection(SolutionConfigurationPlatforms) = preSolution
		Debug|Any CPU = Debug|Any CPU
		Release|Any CPU = Release|Any CPU
	EndGlobalSection
	GlobalSection(ProjectConfigurationPlatforms) = postSolution
		{06A8336C-9D63-4C25-998D-A51D05D87C9A}.Debug|Any CPU.ActiveCfg = Debug|Any CPU
		{06A8336C-9D63-4C25-998D-A51D05D87C9A}.Debug|Any CPU.Build.0 = Debug|Any CPU
		{06A8336C-9D63-4C25-998D-A51D05D87C9A}.Release|Any CPU.ActiveCfg = Release|Any CPU
		{06A8336C-9D63-4C25-998D-A51D05D87C9A}.Release|Any CPU.Build.0 = Release|Any CPU
	EndGlobalSection
	GlobalSection(SolutionProperties) = preSolution
		HideSolutionNode = FALSE
	EndGlobalSection
	GlobalSection(ExtensibilityGlobals) = postSolution
		SolutionGuid = {2E2278C6-5A40-4647-8F91-D2064A83DE1A}
	EndGlobalSection
EndGlobal
